
Microsoft Visual Studio Solution File, Format Version 12.00
# Visual Studio Version 17
VisualStudioVersion = 17.14.36221.1 d17.14
MinimumVisualStudioVersion = 10.0.40219.1
Project("{FAE04EC0-301F-11D3-BF4B-00C04F79EFBC}") = "WinSaddleAnalyzer", "WinSaddleAnalyzer.csproj", "{9B05B6D3-66EF-5608-2718-03EF32A8CC7C}"
EndProject
Global
	GlobalSection(SolutionConfigurationPlatforms) = preSolution
		Debug|Any CPU = Debug|Any CPU
		Release|Any CPU = Release|Any CPU
	EndGlobalSection
	GlobalSection(ProjectConfigurationPlatforms) = postSolution
		{9B05B6D3-66EF-5608-2718-03EF32A8CC7C}.Debug|Any CPU.ActiveCfg = Debug|Any CPU
		{9B05B6D3-66EF-5608-2718-03EF32A8CC7C}.Debug|Any CPU.Build.0 = Debug|Any CPU
		{9B05B6D3-66EF-5608-2718-03EF32A8CC7C}.Release|Any CPU.ActiveCfg = Release|Any CPU
		{9B05B6D3-66EF-5608-2718-03EF32A8CC7C}.Release|Any CPU.Build.0 = Release|Any CPU
	EndGlobalSection
	GlobalSection(SolutionProperties) = preSolution
		HideSolutionNode = FALSE
	EndGlobalSection
	GlobalSection(ExtensibilityGlobals) = postSolution
		SolutionGuid = {B95B9720-87AA-4600-ADED-9772A632D6EB}
	EndGlobalSection
EndGlobal
